<?xml version="1.0" encoding="utf-8"?>
<Project ToolsVersion="4.0" xmlns="http://schemas.microsoft.com/developer/msbuild/2003">
  <ItemGroup>
    <Filter Include="소스 파일">
      <UniqueIdentifier>{4FC737F1-C7A5-4376-A066-2A32D752A2FF}</UniqueIdentifier>
      <Extensions>cpp;c;cc;cxx;c++;cppm;ixx;def;odl;idl;hpj;bat;asm;asmx</Extensions>
    </Filter>
    <Filter Include="헤더 파일">
      <UniqueIdentifier>{93995380-89BD-4b04-88EB-625FBE52EBFB}</UniqueIdentifier>
      <Extensions>h;hh;hpp;hxx;h++;hm;inl;inc;ipp;xsd</Extensions>
    </Filter>
    <Filter Include="리소스 파일">
      <UniqueIdentifier>{67DA6AB6-F800-4c08-8B7A-83BB121AAD01}</UniqueIdentifier>
      <Extensions>rc;ico;cur;bmp;dlg;rc2;rct;bin;rgs;gif;jpg;jpeg;jpe;resx;tiff;tif;png;wav;mfcribbon-ms</Extensions>
    </Filter>
    <Filter Include="소스 파일\Authentication">
      <UniqueIdentifier>{5082c87a-2269-47a3-b3ed-081a0c9e9e68}</UniqueIdentifier>
    </Filter>
    <Filter Include="소스 파일\Recruitment">
      <UniqueIdentifier>{063bece5-8758-42c5-813e-b15b2b5ded4a}</UniqueIdentifier>
    </Filter>
    <Filter Include="소스 파일\Application">
      <UniqueIdentifier>{600c5915-e9f8-4356-bd38-fb14a391460f}</UniqueIdentifier>
    </Filter>
    <Filter Include="헤더 파일\Authentication">
      <UniqueIdentifier>{ee28304c-0e25-4fa6-9cd1-1ec7b157b78c}</UniqueIdentifier>
    </Filter>
    <Filter Include="헤더 파일\Application">
      <UniqueIdentifier>{635ba768-2df4-49c2-8bec-61ca90134dc9}</UniqueIdentifier>
    </Filter>
    <Filter Include="헤더 파일\Recruitment">
      <UniqueIdentifier>{25ac5e12-8d08-4d22-b34f-41b355c1a397}</UniqueIdentifier>
    </Filter>
    <Filter Include="소스 파일\Entity">
      <UniqueIdentifier>{f5729d6d-dc75-47c0-a2a8-0ce0fe51ba5b}</UniqueIdentifier>
    </Filter>
    <Filter Include="헤더 파일\Entity">
      <UniqueIdentifier>{03fcdebb-d181-4e17-8946-635911faffc4}</UniqueIdentifier>
    </Filter>
  </ItemGroup>
  <ItemGroup>
    <ClInclude Include="types.h">
      <Filter>헤더 파일</Filter>
    </ClInclude>
    <ClInclude Include="Application\ApplicationInformationList.h">
      <Filter>헤더 파일\Application</Filter>
    </ClInclude>
    <ClInclude Include="Application\ApplicationInformationListUI.h">
      <Filter>헤더 파일\Application</Filter>
    </ClInclude>
    <ClInclude Include="Application\Apply.h">
      <Filter>헤더 파일\Application</Filter>
    </ClInclude>
    <ClInclude Include="Application\ApplyUI.h">
      <Filter>헤더 파일\Application</Filter>
    </ClInclude>
    <ClInclude Include="Authentication\Login.h">
      <Filter>헤더 파일\Authentication</Filter>
    </ClInclude>
    <ClInclude Include="Authentication\LoginUI.h">
      <Filter>헤더 파일\Authentication</Filter>
    </ClInclude>
    <ClInclude Include="Authentication\LogOut.h">
      <Filter>헤더 파일\Authentication</Filter>
    </ClInclude>
    <ClInclude Include="Authentication\LogOutUI.h">
      <Filter>헤더 파일\Authentication</Filter>
    </ClInclude>
    <ClInclude Include="Authentication\SignOut.h">
      <Filter>헤더 파일\Authentication</Filter>
    </ClInclude>
    <ClInclude Include="Authentication\SignOutUI.h">
      <Filter>헤더 파일\Authentication</Filter>
    </ClInclude>
    <ClInclude Include="Authentication\SignUp.h">
      <Filter>헤더 파일\Authentication</Filter>
    </ClInclude>
    <ClInclude Include="Authentication\SignUpUI.h">
      <Filter>헤더 파일\Authentication</Filter>
    </ClInclude>
    <ClInclude Include="Entity\Application.h">
      <Filter>헤더 파일\Entity</Filter>
    </ClInclude>
    <ClInclude Include="Entity\ApplicationCollection.h">
      <Filter>헤더 파일\Entity</Filter>
    </ClInclude>
    <ClInclude Include="Entity\CompanyUser.h">
      <Filter>헤더 파일\Entity</Filter>
    </ClInclude>
    <ClInclude Include="Entity\CurrentUser.h">
      <Filter>헤더 파일\Entity</Filter>
    </ClInclude>
    <ClInclude Include="Entity\NormalUser.h">
      <Filter>헤더 파일\Entity</Filter>
    </ClInclude>
    <ClInclude Include="Entity\Recruitment.h">
      <Filter>헤더 파일\Entity</Filter>
    </ClInclude>
    <ClInclude Include="Entity\RecruitmentCollection.h">
      <Filter>헤더 파일\Entity</Filter>
    </ClInclude>
    <ClInclude Include="Entity\User.h">
      <Filter>헤더 파일\Entity</Filter>
    </ClInclude>
    <ClInclude Include="Entity\UserCollection.h">
      <Filter>헤더 파일\Entity</Filter>
    </ClInclude>
    <ClInclude Include="Recruitment\AddRecruitment.h">
      <Filter>헤더 파일\Recruitment</Filter>
    </ClInclude>
    <ClInclude Include="Recruitment\AddRecruitmentUI.h">
      <Filter>헤더 파일\Recruitment</Filter>
    </ClInclude>
    <ClInclude Include="Recruitment\RecruitmentInformation.h">
      <Filter>헤더 파일\Recruitment</Filter>
    </ClInclude>
    <ClInclude Include="Recruitment\RecruitmentInformationUI.h">
      <Filter>헤더 파일\Recruitment</Filter>
    </ClInclude>
    <ClInclude Include="Recruitment\SearchRecruitment.h">
      <Filter>헤더 파일\Recruitment</Filter>
    </ClInclude>
    <ClInclude Include="Recruitment\SearchRecruitmentUI.h">
      <Filter>헤더 파일\Recruitment</Filter>
    </ClInclude>
  </ItemGroup>
  <ItemGroup>
    <ClCompile Include="main.cpp">
      <Filter>소스 파일</Filter>
    </ClCompile>
    <ClCompile Include="Application\AppliationInformationList.cpp">
      <Filter>소스 파일\Application</Filter>
    </ClCompile>
    <ClCompile Include="Application\Apply.cpp">
      <Filter>소스 파일\Application</Filter>
    </ClCompile>
    <ClCompile Include="Authentication\Login.cpp">
      <Filter>소스 파일\Authentication</Filter>
    </ClCompile>
    <ClCompile Include="Authentication\LoginUI.cpp">
      <Filter>소스 파일\Authentication</Filter>
    </ClCompile>
    <ClCompile Include="Authentication\LogOutUI.cpp">
      <Filter>소스 파일\Authentication</Filter>
    </ClCompile>
    <ClCompile Include="Authentication\SignOut.cpp">
      <Filter>소스 파일\Authentication</Filter>
    </ClCompile>
    <ClCompile Include="Authentication\SignOutUI.cpp">
      <Filter>소스 파일\Authentication</Filter>
    </ClCompile>
    <ClCompile Include="Authentication\SignUp.cpp">
      <Filter>소스 파일\Authentication</Filter>
    </ClCompile>
    <ClCompile Include="Authentication\SignUpUI.cpp">
      <Filter>소스 파일\Authentication</Filter>
    </ClCompile>
    <ClCompile Include="Entity\Application.cpp">
      <Filter>소스 파일\Entity</Filter>
    </ClCompile>
    <ClCompile Include="Entity\ApplicationCollection.cpp">
      <Filter>소스 파일\Entity</Filter>
    </ClCompile>
    <ClCompile Include="Entity\CompanyUser.cpp">
      <Filter>소스 파일\Entity</Filter>
    </ClCompile>
    <ClCompile Include="Entity\CurrentUser.cpp">
      <Filter>소스 파일\Entity</Filter>
    </ClCompile>
    <ClCompile Include="Entity\NormalUser.cpp">
      <Filter>소스 파일\Entity</Filter>
    </ClCompile>
    <ClCompile Include="Entity\Recruitment.cpp">
      <Filter>소스 파일\Entity</Filter>
    </ClCompile>
    <ClCompile Include="Entity\RecruitmentCollection.cpp">
      <Filter>소스 파일\Entity</Filter>
    </ClCompile>
    <ClCompile Include="Entity\User.cpp">
      <Filter>소스 파일\Entity</Filter>
    </ClCompile>
    <ClCompile Include="Entity\UserCollection.cpp">
      <Filter>소스 파일\Entity</Filter>
    </ClCompile>
    <ClCompile Include="Recruitment\AddRecruitment.cpp">
      <Filter>소스 파일\Recruitment</Filter>
    </ClCompile>
    <ClCompile Include="Recruitment\AddRecruitmentUI.cpp">
      <Filter>소스 파일\Recruitment</Filter>
    </ClCompile>
    <ClCompile Include="Recruitment\RecruitmentInformation.cpp">
      <Filter>소스 파일\Recruitment</Filter>
    </ClCompile>
    <ClCompile Include="Recruitment\RecruitmentInformationUI.cpp">
      <Filter>소스 파일\Recruitment</Filter>
    </ClCompile>
    <ClCompile Include="Recruitment\SearchRecruitment.cpp">
      <Filter>소스 파일\Recruitment</Filter>
    </ClCompile>
    <ClCompile Include="Recruitment\SearchRecruitmentUI.cpp">
      <Filter>소스 파일\Recruitment</Filter>
    </ClCompile>
  </ItemGroup>
</Project>